// !$*UTF8*$!
{
	archiveVersion = 1;
	classes = {
	};
	objectVersion = 50;
	objects = {

/* Begin PBXBuildFile section */
		47A7E67124B21B99001454C8 /* AppDelegate.swift in Sources */ = {isa = PBXBuildFile; fileRef = 47A7E67024B21B99001454C8 /* AppDelegate.swift */; };
		47A7E67324B21B99001454C8 /* SceneDelegate.swift in Sources */ = {isa = PBXBuildFile; fileRef = 47A7E67224B21B99001454C8 /* SceneDelegate.swift */; };
		47A7E67624B21B99001454C8 /* RouteRecorder.xcdatamodeld in Sources */ = {isa = PBXBuildFile; fileRef = 47A7E67424B21B99001454C8 /* RouteRecorder.xcdatamodeld */; };
		47A7E67824B21B99001454C8 /* ContentView.swift in Sources */ = {isa = PBXBuildFile; fileRef = 47A7E67724B21B99001454C8 /* ContentView.swift */; };
		47A7E67A24B21B9B001454C8 /* Assets.xcassets in Resources */ = {isa = PBXBuildFile; fileRef = 47A7E67924B21B9B001454C8 /* Assets.xcassets */; };
		47A7E67D24B21B9B001454C8 /* Preview Assets.xcassets in Resources */ = {isa = PBXBuildFile; fileRef = 47A7E67C24B21B9B001454C8 /* Preview Assets.xcassets */; };
		47A7E68024B21B9B001454C8 /* LaunchScreen.storyboard in Resources */ = {isa = PBXBuildFile; fileRef = 47A7E67E24B21B9B001454C8 /* LaunchScreen.storyboard */; };
		47A7E68824B21C36001454C8 /* LocationManager.swift in Sources */ = {isa = PBXBuildFile; fileRef = 47A7E68724B21C36001454C8 /* LocationManager.swift */; };
		47A7E68A24B21C5A001454C8 /* MapView.swift in Sources */ = {isa = PBXBuildFile; fileRef = 47A7E68924B21C5A001454C8 /* MapView.swift */; };
		47A7E68F24B4BE56001454C8 /* CoreDataStack.swift in Sources */ = {isa = PBXBuildFile; fileRef = 47A7E68E24B4BE56001454C8 /* CoreDataStack.swift */; };
/* End PBXBuildFile section */

/* Begin PBXFileReference section */
		47A7E66D24B21B99001454C8 /* RouteRecorder.app */ = {isa = PBXFileReference; explicitFileType = wrapper.application; includeInIndex = 0; path = RouteRecorder.app; sourceTree = BUILT_PRODUCTS_DIR; };
		47A7E67024B21B99001454C8 /* AppDelegate.swift */ = {isa = PBXFileReference; lastKnownFileType = sourcecode.swift; path = AppDelegate.swift; sourceTree = "<group>"; };
		47A7E67224B21B99001454C8 /* SceneDelegate.swift */ = {isa = PBXFileReference; lastKnownFileType = sourcecode.swift; path = SceneDelegate.swift; sourceTree = "<group>"; };
		47A7E67524B21B99001454C8 /* RouteRecorder.xcdatamodel */ = {isa = PBXFileReference; lastKnownFileType = wrapper.xcdatamodel; path = RouteRecorder.xcdatamodel; sourceTree = "<group>"; };
		47A7E67724B21B99001454C8 /* ContentView.swift */ = {isa = PBXFileReference; lastKnownFileType = sourcecode.swift; path = ContentView.swift; sourceTree = "<group>"; };
		47A7E67924B21B9B001454C8 /* Assets.xcassets */ = {isa = PBXFileReference; lastKnownFileType = folder.assetcatalog; path = Assets.xcassets; sourceTree = "<group>"; };
		47A7E67C24B21B9B001454C8 /* Preview Assets.xcassets */ = {isa = PBXFileReference; lastKnownFileType = folder.assetcatalog; path = "Preview Assets.xcassets"; sourceTree = "<group>"; };
		47A7E67F24B21B9B001454C8 /* Base */ = {isa = PBXFileReference; lastKnownFileType = file.storyboard; name = Base; path = Base.lproj/LaunchScreen.storyboard; sourceTree = "<group>"; };
		47A7E68124B21B9B001454C8 /* Info.plist */ = {isa = PBXFileReference; lastKnownFileType = text.plist.xml; path = Info.plist; sourceTree = "<group>"; };
		47A7E68724B21C36001454C8 /* LocationManager.swift */ = {isa = PBXFileReference; lastKnownFileType = sourcecode.swift; path = LocationManager.swift; sourceTree = "<group>"; };
		47A7E68924B21C5A001454C8 /* MapView.swift */ = {isa = PBXFileReference; lastKnownFileType = sourcecode.swift; path = MapView.swift; sourceTree = "<group>"; };
		47A7E68E24B4BE56001454C8 /* CoreDataStack.swift */ = {isa = PBXFileReference; lastKnownFileType = sourcecode.swift; path = CoreDataStack.swift; sourceTree = "<group>"; };
/* End PBXFileReference section */

/* Begin PBXFrameworksBuildPhase section */
		47A7E66A24B21B99001454C8 /* Frameworks */ = {
			isa = PBXFrameworksBuildPhase;
			buildActionMask = 2147483647;
			files = (
			);
			runOnlyForDeploymentPostprocessing = 0;
		};
/* End PBXFrameworksBuildPhase section */

/* Begin PBXGroup section */
		47A7E66424B21B99001454C8 = {
			isa = PBXGroup;
			children = (
				47A7E66F24B21B99001454C8 /* RouteRecorder */,
				47A7E66E24B21B99001454C8 /* Products */,
			);
			sourceTree = "<group>";
		};
		47A7E66E24B21B99001454C8 /* Products */ = {
			isa = PBXGroup;
			children = (
				47A7E66D24B21B99001454C8 /* RouteRecorder.app */,
			);
			name = Products;
			sourceTree = "<group>";
		};
		47A7E66F24B21B99001454C8 /* RouteRecorder */ = {
			isa = PBXGroup;
			children = (
				47A7E68E24B4BE56001454C8 /* CoreDataStack.swift */,
				47A7E68B24B23B3F001454C8 /* Models */,
				47A7E67024B21B99001454C8 /* AppDelegate.swift */,
				47A7E67224B21B99001454C8 /* SceneDelegate.swift */,
				47A7E67724B21B99001454C8 /* ContentView.swift */,
				47A7E67924B21B9B001454C8 /* Assets.xcassets */,
				47A7E67E24B21B9B001454C8 /* LaunchScreen.storyboard */,
				47A7E68124B21B9B001454C8 /* Info.plist */,
				47A7E67424B21B99001454C8 /* RouteRecorder.xcdatamodeld */,
				47A7E67B24B21B9B001454C8 /* Preview Content */,
				47A7E68724B21C36001454C8 /* LocationManager.swift */,
				47A7E68924B21C5A001454C8 /* MapView.swift */,
			);
			path = RouteRecorder;
			sourceTree = "<group>";
		};
		47A7E67B24B21B9B001454C8 /* Preview Content */ = {
			isa = PBXGroup;
			children = (
				47A7E67C24B21B9B001454C8 /* Preview Assets.xcassets */,
			);
			path = "Preview Content";
			sourceTree = "<group>";
		};
		47A7E68B24B23B3F001454C8 /* Models */ = {
			isa = PBXGroup;
			children = (
			);
			path = Models;
			sourceTree = "<group>";
		};
/* End PBXGroup section */

/* Begin PBXNativeTarget section */
		47A7E66C24B21B99001454C8 /* RouteRecorder */ = {
			isa = PBXNativeTarget;
			buildConfigurationList = 47A7E68424B21B9B001454C8 /* Build configuration list for PBXNativeTarget "RouteRecorder" */;
			buildPhases = (
				47A7E66924B21B99001454C8 /* Sources */,
				47A7E66A24B21B99001454C8 /* Frameworks */,
				47A7E66B24B21B99001454C8 /* Resources */,
			);
			buildRules = (
			);
			dependencies = (
			);
			name = RouteRecorder;
			productName = RouteRecorder;
			productReference = 47A7E66D24B21B99001454C8 /* RouteRecorder.app */;
			productType = "com.apple.product-type.application";
		};
/* End PBXNativeTarget section */

/* Begin PBXProject section */
		47A7E66524B21B99001454C8 /* Project object */ = {
			isa = PBXProject;
			attributes = {
				LastSwiftUpdateCheck = 1160;
				LastUpgradeCheck = 1160;
				ORGANIZATIONNAME = "Роман Салахов";
				TargetAttributes = {
					47A7E66C24B21B99001454C8 = {
						CreatedOnToolsVersion = 11.6;
					};
				};
			};
			buildConfigurationList = 47A7E66824B21B99001454C8 /* Build configuration list for PBXProject "RouteRecorder" */;
			compatibilityVersion = "Xcode 9.3";
			developmentRegion = en;
			hasScannedForEncodings = 0;
			knownRegions = (
				en,
				Base,
			);
			mainGroup = 47A7E66424B21B99001454C8;
			productRefGroup = 47A7E66E24B21B99001454C8 /* Products */;
			projectDirPath = "";
			projectRoot = "";
			targets = (
				47A7E66C24B21B99001454C8 /* RouteRecorder */,
			);
		};
/* End PBXProject section */

/* Begin PBXResourcesBuildPhase section */
		47A7E66B24B21B99001454C8 /* Resources */ = {
			isa = PBXResourcesBuildPhase;
			buildActionMask = 2147483647;
			files = (
				47A7E68024B21B9B001454C8 /* LaunchScreen.storyboard in Resources */,
				47A7E67D24B21B9B001454C8 /* Preview Assets.xcassets in Resources */,
				47A7E67A24B21B9B001454C8 /* Assets.xcassets in Resources */,
			);
			runOnlyForDeploymentPostprocessing = 0;
		};
/* End PBXResourcesBuildPhase section */

/* Begin PBXSourcesBuildPhase section */
		47A7E66924B21B99001454C8 /* Sources */ = {
			isa = PBXSourcesBuildPhase;
			buildActionMask = 2147483647;
			files = (
				47A7E68F24B4BE56001454C8 /* CoreDataStack.swift in Sources */,
				47A7E67124B21B99001454C8 /* AppDelegate.swift in Sources */,
				47A7E68A24B21C5A001454C8 /* MapView.swift in Sources */,
				47A7E67324B21B99001454C8 /* SceneDelegate.swift in Sources */,
				47A7E68824B21C36001454C8 /* LocationManager.swift in Sources */,
				47A7E67824B21B99001454C8 /* ContentView.swift in Sources */,
				47A7E67624B21B99001454C8 /* RouteRecorder.xcdatamodeld in Sources */,
			);
			runOnlyForDeploymentPostprocessing = 0;
		};
/* End PBXSourcesBuildPhase section */

/* Begin PBXVariantGroup section */
		47A7E67E24B21B9B001454C8 /* LaunchScreen.storyboard */ = {
			isa = PBXVariantGroup;
			children = (
				47A7E67F24B21B9B001454C8 /* Base */,
			);
			name = LaunchScreen.storyboard;
			sourceTree = "<group>";
		};
/* End PBXVariantGroup section */

/* Begin XCBuildConfiguration section */
		47A7E68224B21B9B001454C8 /* Debug */ = {
			isa = XCBuildConfiguration;
			buildSettings = {
				ALWAYS_SEARCH_USER_PATHS = NO;
				CLANG_ANALYZER_NONNULL = YES;
				CLANG_ANALYZER_NUMBER_OBJECT_CONVERSION = YES_AGGRESSIVE;
				CLANG_CXX_LANGUAGE_STANDARD = "gnu++14";
				CLANG_CXX_LIBRARY = "libc++";
				CLANG_ENABLE_MODULES = YES;
				CLANG_ENABLE_OBJC_ARC = YES;
				CLANG_ENABLE_OBJC_WEAK = YES;
				CLANG_WARN_BLOCK_CAPTURE_AUTORELEASING = YES;
				CLANG_WARN_BOOL_CONVERSION = YES;
				CLANG_WARN_COMMA = YES;
				CLANG_WARN_CONSTANT_CONVERSION = YES;
				CLANG_WARN_DEPRECATED_OBJC_IMPLEMENTATIONS = YES;
				CLANG_WARN_DIRECT_OBJC_ISA_USAGE = YES_ERROR;
				CLANG_WARN_DOCUMENTATION_COMMENTS = YES;
				CLANG_WARN_EMPTY_BODY = YES;
				CLANG_WARN_ENUM_CONVERSION = YES;
				CLANG_WARN_INFINITE_RECURSION = YES;
				CLANG_WARN_INT_CONVERSION = YES;
				CLANG_WARN_NON_LITERAL_NULL_CONVERSION = YES;
				CLANG_WARN_OBJC_IMPLICIT_RETAIN_SELF = YES;
				CLANG_WARN_OBJC_LITERAL_CONVERSION = YES;
				CLANG_WARN_OBJC_ROOT_CLASS = YES_ERROR;
				CLANG_WARN_RANGE_LOOP_ANALYSIS = YES;
				CLANG_WARN_STRICT_PROTOTYPES = YES;
				CLANG_WARN_SUSPICIOUS_MOVE = YES;
				CLANG_WARN_UNGUARDED_AVAILABILITY = YES_AGGRESSIVE;
				CLANG_WARN_UNREACHABLE_CODE = YES;
				CLANG_WARN__DUPLICATE_METHOD_MATCH = YES;
				COPY_PHASE_STRIP = NO;
				DEBUG_INFORMATION_FORMAT = dwarf;
				ENABLE_STRICT_OBJC_MSGSEND = YES;
				ENABLE_TESTABILITY = YES;
				GCC_C_LANGUAGE_STANDARD = gnu11;
				GCC_DYNAMIC_NO_PIC = NO;
				GCC_NO_COMMON_BLOCKS = YES;
				GCC_OPTIMIZATION_LEVEL = 0;
				GCC_PREPROCESSOR_DEFINITIONS = (
					"DEBUG=1",
					"$(inherited)",
				);
				GCC_WARN_64_TO_32_BIT_CONVERSION = YES;
				GCC_WARN_ABOUT_RETURN_TYPE = YES_ERROR;
				GCC_WARN_UNDECLARED_SELECTOR = YES;
				GCC_WARN_UNINITIALIZED_AUTOS = YES_AGGRESSIVE;
				GCC_WARN_UNUSED_FUNCTION = YES;
				GCC_WARN_UNUSED_VARIABLE = YES;
				IPHONEOS_DEPLOYMENT_TARGET = 13.6;
				MTL_ENABLE_DEBUG_INFO = INCLUDE_SOURCE;
				MTL_FAST_MATH = YES;
				ONLY_ACTIVE_ARCH = YES;
				SDKROOT = iphoneos;
				SWIFT_ACTIVE_COMPILATION_CONDITIONS = DEBUG;
				SWIFT_OPTIMIZATION_LEVEL = "-Onone";
			};
			name = Debug;
		};
		47A7E68324B21B9B001454C8 /* Release */ = {
			isa = XCBuildConfiguration;
			buildSettings = {
				ALWAYS_SEARCH_USER_PATHS = NO;
				CLANG_ANALYZER_NONNULL = YES;
				CLANG_ANALYZER_NUMBER_OBJECT_CONVERSION = YES_AGGRESSIVE;
				CLANG_CXX_LANGUAGE_STANDARD = "gnu++14";
				CLANG_CXX_LIBRARY = "libc++";
				CLANG_ENABLE_MODULES = YES;
				CLANG_ENABLE_OBJC_ARC = YES;
				CLANG_ENABLE_OBJC_WEAK = YES;
				CLANG_WARN_BLOCK_CAPTURE_AUTORELEASING = YES;
				CLANG_WARN_BOOL_CONVERSION = YES;
				CLANG_WARN_COMMA = YES;
				CLANG_WARN_CONSTANT_CONVERSION = YES;
				CLANG_WARN_DEPRECATED_OBJC_IMPLEMENTATIONS = YES;
				CLANG_WARN_DIRECT_OBJC_ISA_USAGE = YES_ERROR;
				CLANG_WARN_DOCUMENTATION_COMMENTS = YES;
				CLANG_WARN_EMPTY_BODY = YES;
				CLANG_WARN_ENUM_CONVERSION = YES;
				CLANG_WARN_INFINITE_RECURSION = YES;
				CLANG_WARN_INT_CONVERSION = YES;
				CLANG_WARN_NON_LITERAL_NULL_CONVERSION = YES;
				CLANG_WARN_OBJC_IMPLICIT_RETAIN_SELF = YES;
				CLANG_WARN_OBJC_LITERAL_CONVERSION = YES;
				CLANG_WARN_OBJC_ROOT_CLASS = YES_ERROR;
				CLANG_WARN_RANGE_LOOP_ANALYSIS = YES;
				CLANG_WARN_STRICT_PROTOTYPES = YES;
				CLANG_WARN_SUSPICIOUS_MOVE = YES;
				CLANG_WARN_UNGUARDED_AVAILABILITY = YES_AGGRESSIVE;
				CLANG_WARN_UNREACHABLE_CODE = YES;
				CLANG_WARN__DUPLICATE_METHOD_MATCH = YES;
				COPY_PHASE_STRIP = NO;
				DEBUG_INFORMATION_FORMAT = "dwarf-with-dsym";
				ENABLE_NS_ASSERTIONS = NO;
				ENABLE_STRICT_OBJC_MSGSEND = YES;
				GCC_C_LANGUAGE_STANDARD = gnu11;
				GCC_NO_COMMON_BLOCKS = YES;
				GCC_WARN_64_TO_32_BIT_CONVERSION = YES;
				GCC_WARN_ABOUT_RETURN_TYPE = YES_ERROR;
				GCC_WARN_UNDECLARED_SELECTOR = YES;
				GCC_WARN_UNINITIALIZED_AUTOS = YES_AGGRESSIVE;
				GCC_WARN_UNUSED_FUNCTION = YES;
				GCC_WARN_UNUSED_VARIABLE = YES;
				IPHONEOS_DEPLOYMENT_TARGET = 13.6;
				MTL_ENABLE_DEBUG_INFO = NO;
				MTL_FAST_MATH = YES;
				SDKROOT = iphoneos;
				SWIFT_COMPILATION_MODE = wholemodule;
				SWIFT_OPTIMIZATION_LEVEL = "-O";
				VALIDATE_PRODUCT = YES;
			};
			name = Release;
		};
		47A7E68524B21B9B001454C8 /* Debug */ = {
			isa = XCBuildConfiguration;
			buildSettings = {
				ASSETCATALOG_COMPILER_APPICON_NAME = AppIcon;
				CODE_SIGN_STYLE = Automatic;
				DEVELOPMENT_ASSET_PATHS = "\"RouteRecorder/Preview Content\"";
				DEVELOPMENT_TEAM = T74G7J37HT;
				ENABLE_PREVIEWS = YES;
				INFOPLIST_FILE = RouteRecorder/Info.plist;
				LD_RUNPATH_SEARCH_PATHS = (
					"$(inherited)",
					"@executable_path/Frameworks",
				);
				PRODUCT_BUNDLE_IDENTIFIER = mycompany.RouteRecorder;
				PRODUCT_NAME = "$(TARGET_NAME)";
				SWIFT_VERSION = 5.0;
				TARGETED_DEVICE_FAMILY = "1,2";
			};
			name = Debug;
		};
		47A7E68624B21B9B001454C8 /* Release */ = {
			isa = XCBuildConfiguration;
			buildSettings = {
				ASSETCATALOG_COMPILER_APPICON_NAME = AppIcon;
				CODE_SIGN_STYLE = Automatic;
				DEVELOPMENT_ASSET_PATHS = "\"RouteRecorder/Preview Content\"";
				DEVELOPMENT_TEAM = T74G7J37HT;
				ENABLE_PREVIEWS = YES;
				INFOPLIST_FILE = RouteRecorder/Info.plist;
				LD_RUNPATH_SEARCH_PATHS = (
					"$(inherited)",
					"@executable_path/Frameworks",
				);
				PRODUCT_BUNDLE_IDENTIFIER = mycompany.RouteRecorder;
				PRODUCT_NAME = "$(TARGET_NAME)";
				SWIFT_VERSION = 5.0;
				TARGETED_DEVICE_FAMILY = "1,2";
			};
			name = Release;
		};
/* End XCBuildConfiguration section */

/* Begin XCConfigurationList section */
		47A7E66824B21B99001454C8 /* Build configuration list for PBXProject "RouteRecorder" */ = {
			isa = XCConfigurationList;
			buildConfigurations = (
				47A7E68224B21B9B001454C8 /* Debug */,
				47A7E68324B21B9B001454C8 /* Release */,
			);
			defaultConfigurationIsVisible = 0;
			defaultConfigurationName = Release;
		};
		47A7E68424B21B9B001454C8 /* Build configuration list for PBXNativeTarget "RouteRecorder" */ = {
			isa = XCConfigurationList;
			buildConfigurations = (
				47A7E68524B21B9B001454C8 /* Debug */,
				47A7E68624B21B9B001454C8 /* Release */,
			);
			defaultConfigurationIsVisible = 0;
			defaultConfigurationName = Release;
		};
/* End XCConfigurationList section */

/* Begin XCVersionGroup section */
		47A7E67424B21B99001454C8 /* RouteRecorder.xcdatamodeld */ = {
			isa = XCVersionGroup;
			children = (
				47A7E67524B21B99001454C8 /* RouteRecorder.xcdatamodel */,
			);
			currentVersion = 47A7E67524B21B99001454C8 /* RouteRecorder.xcdatamodel */;
			path = RouteRecorder.xcdatamodeld;
			sourceTree = "<group>";
			versionGroupType = wrapper.xcdatamodel;
		};
/* End XCVersionGroup section */
	};
	rootObject = 47A7E66524B21B99001454C8 /* Project object */;
}
